{
  "name": "@evalarumbe/deps-experiment-usingsayhello",
  "version": "1.0.0",
  "lockfileVersion": 3,
  "requires": true,
  "packages": {
    "": {
      "name": "@evalarumbe/deps-experiment-usingsayhello",
      "version": "1.0.0",
      "license": "ISC",
      "dependencies": {
        "@evalarumbe/deps-experiment-sayhello": "^1.0.1",
        "@evalarumbe/deps-experiment-sayhelloplugin": "^1.0.1"
      }
    },
    "node_modules/@evalarumbe/deps-experiment-sayhello": {
      "version": "1.0.1",
      "resolved": "https://registry.npmjs.org/@evalarumbe/deps-experiment-sayhello/-/deps-experiment-sayhello-1.0.1.tgz",
      "integrity": "sha512-k4SFW1+Ah3E3LTFE5Mxzb2zDlT2w19Pxp5qG5LypGBHJgSe6qDId8i2tin6lzF6BO5DBvmLzSqKkwqPqRCsKMg==",
      "license": "ISC",
      "bin": {
        "deps-experiment-sayhello": "bin/index.js"
      }
    },
    "node_modules/@evalarumbe/deps-experiment-sayhelloplugin": {
      "version": "1.0.1",
      "resolved": "https://registry.npmjs.org/@evalarumbe/deps-experiment-sayhelloplugin/-/deps-experiment-sayhelloplugin-1.0.1.tgz",
      "integrity": "sha512-9yUZ/k7dhqDAuAw73GOV+c1W6UAKsQCERh3gcxqXaTvRrX//NuQT+gxY2wzPVL9Y/aX25S9GoPVjJ8sxx4pN0g==",
      "license": "ISC"
    }
  }
}
