{
  "name": "@evalarumbe/deps-experiment-usingsayhello",
  "version": "1.0.0",
  "lockfileVersion": 3,
  "requires": true,
  "packages": {
    "": {
      "name": "@evalarumbe/deps-experiment-usingsayhello",
      "version": "1.0.0",
      "license": "ISC",
      "dependencies": {
        "@evalarumbe/deps-experiment-sayhello": "^2.0.1",
        "@evalarumbe/deps-experiment-sayhelloplugin": "^1.0.1"
      }
    },
    "node_modules/@evalarumbe/deps-experiment-sayhello": {
      "version": "2.0.1",
      "resolved": "https://registry.npmjs.org/@evalarumbe/deps-experiment-sayhello/-/deps-experiment-sayhello-2.0.1.tgz",
      "integrity": "sha512-VNwnLKu54sHyLpcBMFTMW5Ur/68+XW1hA2hLLsXDGBbOTCEIvVgYPkJzLfRp6YqT8qngYsLGt+42tNfHl05URA==",
      "license": "ISC",
      "bin": {
        "deps-experiment-sayhello": "bin/index.js"
      }
    },
    "node_modules/@evalarumbe/deps-experiment-sayhelloplugin": {
      "version": "1.0.2",
      "resolved": "https://registry.npmjs.org/@evalarumbe/deps-experiment-sayhelloplugin/-/deps-experiment-sayhelloplugin-1.0.2.tgz",
      "integrity": "sha512-z2TkZc0h4y3F1PeLIdaz+HRubF1g5LliHxhrxalklTxf2ca3L7DQ3SJV7a03QaKZwxID5z2qiTkn4mGmvuUoXA==",
      "license": "ISC",
      "peerDependencies": {
        "@evalarumbe/deps-experiment-sayhello": "^1.0.1"
      }
    }
  }
}
